{
  "name": "goinvo-netlify-functions",
  "version": "1.0.0",
  "lockfileVersion": 3,
  "requires": true,
  "packages": {
    "": {
      "name": "goinvo-netlify-functions",
      "version": "1.0.0",
      "dependencies": {
        "openai": "^5.6.0"
      }
    },
    "node_modules/openai": {
      "version": "5.8.3",
      "resolved": "https://registry.npmjs.org/openai/-/openai-5.8.3.tgz",
      "integrity": "sha512-IdotKmquCnpouTRvF9xRXVhMx6K5Sc8zkD6Usf+so+NTQ+qiJ8bLSCd7LBb8b/Rof7uYltlSxJhNp+spphKI4Q==",
      "license": "Apache-2.0",
      "bin": {
        "openai": "bin/cli"
      },
      "peerDependencies": {
        "ws": "^8.18.0",
        "zod": "^3.23.8"
      },
      "peerDependenciesMeta": {
        "ws": {
          "optional": true
        },
        "zod": {
          "optional": true
        }
      }
    }
  }
}
